// !$*UTF8*$!
{
	archiveVersion = 1;
	classes = {
	};
	objectVersion = 56;
	objects = {

/* Begin PBXBuildFile section */
		9CBA2E962C3E0DD200D1AF89 /* MyMeetupContactsApp.swift in Sources */ = {isa = PBXBuildFile; fileRef = 9CBA2E952C3E0DD200D1AF89 /* MyMeetupContactsApp.swift */; };
		9CBA2E982C3E0DD200D1AF89 /* ContentView.swift in Sources */ = {isa = PBXBuildFile; fileRef = 9CBA2E972C3E0DD200D1AF89 /* ContentView.swift */; };
		9CBA2E9A2C3E0DD500D1AF89 /* Assets.xcassets in Resources */ = {isa = PBXBuildFile; fileRef = 9CBA2E992C3E0DD500D1AF89 /* Assets.xcassets */; };
		9CBA2E9D2C3E0DD500D1AF89 /* Preview Assets.xcassets in Resources */ = {isa = PBXBuildFile; fileRef = 9CBA2E9C2C3E0DD500D1AF89 /* Preview Assets.xcassets */; };
		9CBA2EA42C3E0E0500D1AF89 /* EditView.swift in Sources */ = {isa = PBXBuildFile; fileRef = 9CBA2EA32C3E0E0400D1AF89 /* EditView.swift */; };
		9CBA2EA62C3E0E1700D1AF89 /* DetailView.swift in Sources */ = {isa = PBXBuildFile; fileRef = 9CBA2EA52C3E0E1700D1AF89 /* DetailView.swift */; };
		9CBA2EA82C3E0E2E00D1AF89 /* CustomDivider.swift in Sources */ = {isa = PBXBuildFile; fileRef = 9CBA2EA72C3E0E2E00D1AF89 /* CustomDivider.swift */; };
		9CBA2EAA2C3E0E4100D1AF89 /* Contact.swift in Sources */ = {isa = PBXBuildFile; fileRef = 9CBA2EA92C3E0E4100D1AF89 /* Contact.swift */; };
		9CBA2EAC2C3E0E5900D1AF89 /* ContentView-ViewModel.swift in Sources */ = {isa = PBXBuildFile; fileRef = 9CBA2EAB2C3E0E5900D1AF89 /* ContentView-ViewModel.swift */; };
/* End PBXBuildFile section */

/* Begin PBXFileReference section */
		9CBA2E922C3E0DD200D1AF89 /* MyMeetupContacts.app */ = {isa = PBXFileReference; explicitFileType = wrapper.application; includeInIndex = 0; path = MyMeetupContacts.app; sourceTree = BUILT_PRODUCTS_DIR; };
		9CBA2E952C3E0DD200D1AF89 /* MyMeetupContactsApp.swift */ = {isa = PBXFileReference; lastKnownFileType = sourcecode.swift; path = MyMeetupContactsApp.swift; sourceTree = "<group>"; };
		9CBA2E972C3E0DD200D1AF89 /* ContentView.swift */ = {isa = PBXFileReference; lastKnownFileType = sourcecode.swift; path = ContentView.swift; sourceTree = "<group>"; };
		9CBA2E992C3E0DD500D1AF89 /* Assets.xcassets */ = {isa = PBXFileReference; lastKnownFileType = folder.assetcatalog; path = Assets.xcassets; sourceTree = "<group>"; };
		9CBA2E9C2C3E0DD500D1AF89 /* Preview Assets.xcassets */ = {isa = PBXFileReference; lastKnownFileType = folder.assetcatalog; path = "Preview Assets.xcassets"; sourceTree = "<group>"; };
		9CBA2EA32C3E0E0400D1AF89 /* EditView.swift */ = {isa = PBXFileReference; lastKnownFileType = sourcecode.swift; path = EditView.swift; sourceTree = "<group>"; };
		9CBA2EA52C3E0E1700D1AF89 /* DetailView.swift */ = {isa = PBXFileReference; lastKnownFileType = sourcecode.swift; path = DetailView.swift; sourceTree = "<group>"; };
		9CBA2EA72C3E0E2E00D1AF89 /* CustomDivider.swift */ = {isa = PBXFileReference; lastKnownFileType = sourcecode.swift; path = CustomDivider.swift; sourceTree = "<group>"; };
		9CBA2EA92C3E0E4100D1AF89 /* Contact.swift */ = {isa = PBXFileReference; lastKnownFileType = sourcecode.swift; path = Contact.swift; sourceTree = "<group>"; };
		9CBA2EAB2C3E0E5900D1AF89 /* ContentView-ViewModel.swift */ = {isa = PBXFileReference; lastKnownFileType = sourcecode.swift; path = "ContentView-ViewModel.swift"; sourceTree = "<group>"; };
/* End PBXFileReference section */

/* Begin PBXFrameworksBuildPhase section */
		9CBA2E8F2C3E0DD200D1AF89 /* Frameworks */ = {
			isa = PBXFrameworksBuildPhase;
			buildActionMask = 2147483647;
			files = (
			);
			runOnlyForDeploymentPostprocessing = 0;
		};
/* End PBXFrameworksBuildPhase section */

/* Begin PBXGroup section */
		9CBA2E892C3E0DD200D1AF89 = {
			isa = PBXGroup;
			children = (
				9CBA2E942C3E0DD200D1AF89 /* MyMeetupContacts */,
				9CBA2E932C3E0DD200D1AF89 /* Products */,
			);
			sourceTree = "<group>";
		};
		9CBA2E932C3E0DD200D1AF89 /* Products */ = {
			isa = PBXGroup;
			children = (
				9CBA2E922C3E0DD200D1AF89 /* MyMeetupContacts.app */,
			);
			name = Products;
			sourceTree = "<group>";
		};
		9CBA2E942C3E0DD200D1AF89 /* MyMeetupContacts */ = {
			isa = PBXGroup;
			children = (
				9CBA2E952C3E0DD200D1AF89 /* MyMeetupContactsApp.swift */,
				9CBA2E972C3E0DD200D1AF89 /* ContentView.swift */,
				9CBA2EA32C3E0E0400D1AF89 /* EditView.swift */,
				9CBA2EA52C3E0E1700D1AF89 /* DetailView.swift */,
				9CBA2EA72C3E0E2E00D1AF89 /* CustomDivider.swift */,
				9CBA2EA92C3E0E4100D1AF89 /* Contact.swift */,
				9CBA2EAB2C3E0E5900D1AF89 /* ContentView-ViewModel.swift */,
				9CBA2E992C3E0DD500D1AF89 /* Assets.xcassets */,
				9CBA2E9B2C3E0DD500D1AF89 /* Preview Content */,
			);
			path = MyMeetupContacts;
			sourceTree = "<group>";
		};
		9CBA2E9B2C3E0DD500D1AF89 /* Preview Content */ = {
			isa = PBXGroup;
			children = (
				9CBA2E9C2C3E0DD500D1AF89 /* Preview Assets.xcassets */,
			);
			path = "Preview Content";
			sourceTree = "<group>";
		};
/* End PBXGroup section */

/* Begin PBXNativeTarget section */
		9CBA2E912C3E0DD200D1AF89 /* MyMeetupContacts */ = {
			isa = PBXNativeTarget;
			buildConfigurationList = 9CBA2EA02C3E0DD500D1AF89 /* Build configuration list for PBXNativeTarget "MyMeetupContacts" */;
			buildPhases = (
				9CBA2E8E2C3E0DD200D1AF89 /* Sources */,
				9CBA2E8F2C3E0DD200D1AF89 /* Frameworks */,
				9CBA2E902C3E0DD200D1AF89 /* Resources */,
			);
			buildRules = (
			);
			dependencies = (
			);
			name = MyMeetupContacts;
			productName = MyMeetupContacts;
			productReference = 9CBA2E922C3E0DD200D1AF89 /* MyMeetupContacts.app */;
			productType = "com.apple.product-type.application";
		};
/* End PBXNativeTarget section */

/* Begin PBXProject section */
		9CBA2E8A2C3E0DD200D1AF89 /* Project object */ = {
			isa = PBXProject;
			attributes = {
				BuildIndependentTargetsInParallel = 1;
				LastSwiftUpdateCheck = 1540;
				LastUpgradeCheck = 1540;
				TargetAttributes = {
					9CBA2E912C3E0DD200D1AF89 = {
						CreatedOnToolsVersion = 15.4;
					};
				};
			};
			buildConfigurationList = 9CBA2E8D2C3E0DD200D1AF89 /* Build configuration list for PBXProject "MyMeetupContacts" */;
			compatibilityVersion = "Xcode 14.0";
			developmentRegion = en;
			hasScannedForEncodings = 0;
			knownRegions = (
				en,
				Base,
			);
			mainGroup = 9CBA2E892C3E0DD200D1AF89;
			productRefGroup = 9CBA2E932C3E0DD200D1AF89 /* Products */;
			projectDirPath = "";
			projectRoot = "";
			targets = (
				9CBA2E912C3E0DD200D1AF89 /* MyMeetupContacts */,
			);
		};
/* End PBXProject section */

/* Begin PBXResourcesBuildPhase section */
		9CBA2E902C3E0DD200D1AF89 /* Resources */ = {
			isa = PBXResourcesBuildPhase;
			buildActionMask = 2147483647;
			files = (
				9CBA2E9D2C3E0DD500D1AF89 /* Preview Assets.xcassets in Resources */,
				9CBA2E9A2C3E0DD500D1AF89 /* Assets.xcassets in Resources */,
			);
			runOnlyForDeploymentPostprocessing = 0;
		};
/* End PBXResourcesBuildPhase section */

/* Begin PBXSourcesBuildPhase section */
		9CBA2E8E2C3E0DD200D1AF89 /* Sources */ = {
			isa = PBXSourcesBuildPhase;
			buildActionMask = 2147483647;
			files = (
				9CBA2EAA2C3E0E4100D1AF89 /* Contact.swift in Sources */,
				9CBA2E982C3E0DD200D1AF89 /* ContentView.swift in Sources */,
				9CBA2EA62C3E0E1700D1AF89 /* DetailView.swift in Sources */,
				9CBA2E962C3E0DD200D1AF89 /* MyMeetupContactsApp.swift in Sources */,
				9CBA2EA42C3E0E0500D1AF89 /* EditView.swift in Sources */,
				9CBA2EAC2C3E0E5900D1AF89 /* ContentView-ViewModel.swift in Sources */,
				9CBA2EA82C3E0E2E00D1AF89 /* CustomDivider.swift in Sources */,
			);
			runOnlyForDeploymentPostprocessing = 0;
		};
/* End PBXSourcesBuildPhase section */

/* Begin XCBuildConfiguration section */
		9CBA2E9E2C3E0DD500D1AF89 /* Debug */ = {
			isa = XCBuildConfiguration;
			buildSettings = {
				ALWAYS_SEARCH_USER_PATHS = NO;
				ASSETCATALOG_COMPILER_GENERATE_SWIFT_ASSET_SYMBOL_EXTENSIONS = YES;
				CLANG_ANALYZER_NONNULL = YES;
				CLANG_ANALYZER_NUMBER_OBJECT_CONVERSION = YES_AGGRESSIVE;
				CLANG_CXX_LANGUAGE_STANDARD = "gnu++20";
				CLANG_ENABLE_MODULES = YES;
				CLANG_ENABLE_OBJC_ARC = YES;
				CLANG_ENABLE_OBJC_WEAK = YES;
				CLANG_WARN_BLOCK_CAPTURE_AUTORELEASING = YES;
				CLANG_WARN_BOOL_CONVERSION = YES;
				CLANG_WARN_COMMA = YES;
				CLANG_WARN_CONSTANT_CONVERSION = YES;
				CLANG_WARN_DEPRECATED_OBJC_IMPLEMENTATIONS = YES;
				CLANG_WARN_DIRECT_OBJC_ISA_USAGE = YES_ERROR;
				CLANG_WARN_DOCUMENTATION_COMMENTS = YES;
				CLANG_WARN_EMPTY_BODY = YES;
				CLANG_WARN_ENUM_CONVERSION = YES;
				CLANG_WARN_INFINITE_RECURSION = YES;
				CLANG_WARN_INT_CONVERSION = YES;
				CLANG_WARN_NON_LITERAL_NULL_CONVERSION = YES;
				CLANG_WARN_OBJC_IMPLICIT_RETAIN_SELF = YES;
				CLANG_WARN_OBJC_LITERAL_CONVERSION = YES;
				CLANG_WARN_OBJC_ROOT_CLASS = YES_ERROR;
				CLANG_WARN_QUOTED_INCLUDE_IN_FRAMEWORK_HEADER = YES;
				CLANG_WARN_RANGE_LOOP_ANALYSIS = YES;
				CLANG_WARN_STRICT_PROTOTYPES = YES;
				CLANG_WARN_SUSPICIOUS_MOVE = YES;
				CLANG_WARN_UNGUARDED_AVAILABILITY = YES_AGGRESSIVE;
				CLANG_WARN_UNREACHABLE_CODE = YES;
				CLANG_WARN__DUPLICATE_METHOD_MATCH = YES;
				COPY_PHASE_STRIP = NO;
				DEBUG_INFORMATION_FORMAT = dwarf;
				ENABLE_STRICT_OBJC_MSGSEND = YES;
				ENABLE_TESTABILITY = YES;
				ENABLE_USER_SCRIPT_SANDBOXING = YES;
				GCC_C_LANGUAGE_STANDARD = gnu17;
				GCC_DYNAMIC_NO_PIC = NO;
				GCC_NO_COMMON_BLOCKS = YES;
				GCC_OPTIMIZATION_LEVEL = 0;
				GCC_PREPROCESSOR_DEFINITIONS = (
					"DEBUG=1",
					"$(inherited)",
				);
				GCC_WARN_64_TO_32_BIT_CONVERSION = YES;
				GCC_WARN_ABOUT_RETURN_TYPE = YES_ERROR;
				GCC_WARN_UNDECLARED_SELECTOR = YES;
				GCC_WARN_UNINITIALIZED_AUTOS = YES_AGGRESSIVE;
				GCC_WARN_UNUSED_FUNCTION = YES;
				GCC_WARN_UNUSED_VARIABLE = YES;
				IPHONEOS_DEPLOYMENT_TARGET = 17.5;
				LOCALIZATION_PREFERS_STRING_CATALOGS = YES;
				MTL_ENABLE_DEBUG_INFO = INCLUDE_SOURCE;
				MTL_FAST_MATH = YES;
				ONLY_ACTIVE_ARCH = YES;
				SDKROOT = iphoneos;
				SWIFT_ACTIVE_COMPILATION_CONDITIONS = "DEBUG $(inherited)";
				SWIFT_OPTIMIZATION_LEVEL = "-Onone";
			};
			name = Debug;
		};
		9CBA2E9F2C3E0DD500D1AF89 /* Release */ = {
			isa = XCBuildConfiguration;
			buildSettings = {
				ALWAYS_SEARCH_USER_PATHS = NO;
				ASSETCATALOG_COMPILER_GENERATE_SWIFT_ASSET_SYMBOL_EXTENSIONS = YES;
				CLANG_ANALYZER_NONNULL = YES;
				CLANG_ANALYZER_NUMBER_OBJECT_CONVERSION = YES_AGGRESSIVE;
				CLANG_CXX_LANGUAGE_STANDARD = "gnu++20";
				CLANG_ENABLE_MODULES = YES;
				CLANG_ENABLE_OBJC_ARC = YES;
				CLANG_ENABLE_OBJC_WEAK = YES;
				CLANG_WARN_BLOCK_CAPTURE_AUTORELEASING = YES;
				CLANG_WARN_BOOL_CONVERSION = YES;
				CLANG_WARN_COMMA = YES;
				CLANG_WARN_CONSTANT_CONVERSION = YES;
				CLANG_WARN_DEPRECATED_OBJC_IMPLEMENTATIONS = YES;
				CLANG_WARN_DIRECT_OBJC_ISA_USAGE = YES_ERROR;
				CLANG_WARN_DOCUMENTATION_COMMENTS = YES;
				CLANG_WARN_EMPTY_BODY = YES;
				CLANG_WARN_ENUM_CONVERSION = YES;
				CLANG_WARN_INFINITE_RECURSION = YES;
				CLANG_WARN_INT_CONVERSION = YES;
				CLANG_WARN_NON_LITERAL_NULL_CONVERSION = YES;
				CLANG_WARN_OBJC_IMPLICIT_RETAIN_SELF = YES;
				CLANG_WARN_OBJC_LITERAL_CONVERSION = YES;
				CLANG_WARN_OBJC_ROOT_CLASS = YES_ERROR;
				CLANG_WARN_QUOTED_INCLUDE_IN_FRAMEWORK_HEADER = YES;
				CLANG_WARN_RANGE_LOOP_ANALYSIS = YES;
				CLANG_WARN_STRICT_PROTOTYPES = YES;
				CLANG_WARN_SUSPICIOUS_MOVE = YES;
				CLANG_WARN_UNGUARDED_AVAILABILITY = YES_AGGRESSIVE;
				CLANG_WARN_UNREACHABLE_CODE = YES;
				CLANG_WARN__DUPLICATE_METHOD_MATCH = YES;
				COPY_PHASE_STRIP = NO;
				DEBUG_INFORMATION_FORMAT = "dwarf-with-dsym";
				ENABLE_NS_ASSERTIONS = NO;
				ENABLE_STRICT_OBJC_MSGSEND = YES;
				ENABLE_USER_SCRIPT_SANDBOXING = YES;
				GCC_C_LANGUAGE_STANDARD = gnu17;
				GCC_NO_COMMON_BLOCKS = YES;
				GCC_WARN_64_TO_32_BIT_CONVERSION = YES;
				GCC_WARN_ABOUT_RETURN_TYPE = YES_ERROR;
				GCC_WARN_UNDECLARED_SELECTOR = YES;
				GCC_WARN_UNINITIALIZED_AUTOS = YES_AGGRESSIVE;
				GCC_WARN_UNUSED_FUNCTION = YES;
				GCC_WARN_UNUSED_VARIABLE = YES;
				IPHONEOS_DEPLOYMENT_TARGET = 17.5;
				LOCALIZATION_PREFERS_STRING_CATALOGS = YES;
				MTL_ENABLE_DEBUG_INFO = NO;
				MTL_FAST_MATH = YES;
				SDKROOT = iphoneos;
				SWIFT_COMPILATION_MODE = wholemodule;
				VALIDATE_PRODUCT = YES;
			};
			name = Release;
		};
		9CBA2EA12C3E0DD500D1AF89 /* Debug */ = {
			isa = XCBuildConfiguration;
			buildSettings = {
				ASSETCATALOG_COMPILER_APPICON_NAME = AppIcon;
				ASSETCATALOG_COMPILER_GLOBAL_ACCENT_COLOR_NAME = AccentColor;
				CODE_SIGN_STYLE = Automatic;
				CURRENT_PROJECT_VERSION = 1;
				DEVELOPMENT_ASSET_PATHS = "\"MyMeetupContacts/Preview Content\"";
				DEVELOPMENT_TEAM = 34P32RF9MT;
				ENABLE_PREVIEWS = YES;
				GENERATE_INFOPLIST_FILE = YES;
				INFOPLIST_KEY_UIApplicationSceneManifest_Generation = YES;
				INFOPLIST_KEY_UIApplicationSupportsIndirectInputEvents = YES;
				INFOPLIST_KEY_UILaunchScreen_Generation = YES;
				INFOPLIST_KEY_UISupportedInterfaceOrientations_iPad = "UIInterfaceOrientationPortrait UIInterfaceOrientationPortraitUpsideDown UIInterfaceOrientationLandscapeLeft UIInterfaceOrientationLandscapeRight";
				INFOPLIST_KEY_UISupportedInterfaceOrientations_iPhone = "UIInterfaceOrientationPortrait UIInterfaceOrientationLandscapeLeft UIInterfaceOrientationLandscapeRight";
				LD_RUNPATH_SEARCH_PATHS = (
					"$(inherited)",
					"@executable_path/Frameworks",
				);
				MARKETING_VERSION = 1.0;
				PRODUCT_BUNDLE_IDENTIFIER = com.temple.MyMeetupContacts;
				PRODUCT_NAME = "$(TARGET_NAME)";
				SWIFT_EMIT_LOC_STRINGS = YES;
				SWIFT_VERSION = 5.0;
				TARGETED_DEVICE_FAMILY = "1,2";
			};
			name = Debug;
		};
		9CBA2EA22C3E0DD500D1AF89 /* Release */ = {
			isa = XCBuildConfiguration;
			buildSettings = {
				ASSETCATALOG_COMPILER_APPICON_NAME = AppIcon;
				ASSETCATALOG_COMPILER_GLOBAL_ACCENT_COLOR_NAME = AccentColor;
				CODE_SIGN_STYLE = Automatic;
				CURRENT_PROJECT_VERSION = 1;
				DEVELOPMENT_ASSET_PATHS = "\"MyMeetupContacts/Preview Content\"";
				DEVELOPMENT_TEAM = 34P32RF9MT;
				ENABLE_PREVIEWS = YES;
				GENERATE_INFOPLIST_FILE = YES;
				INFOPLIST_KEY_UIApplicationSceneManifest_Generation = YES;
				INFOPLIST_KEY_UIApplicationSupportsIndirectInputEvents = YES;
				INFOPLIST_KEY_UILaunchScreen_Generation = YES;
				INFOPLIST_KEY_UISupportedInterfaceOrientations_iPad = "UIInterfaceOrientationPortrait UIInterfaceOrientationPortraitUpsideDown UIInterfaceOrientationLandscapeLeft UIInterfaceOrientationLandscapeRight";
				INFOPLIST_KEY_UISupportedInterfaceOrientations_iPhone = "UIInterfaceOrientationPortrait UIInterfaceOrientationLandscapeLeft UIInterfaceOrientationLandscapeRight";
				LD_RUNPATH_SEARCH_PATHS = (
					"$(inherited)",
					"@executable_path/Frameworks",
				);
				MARKETING_VERSION = 1.0;
				PRODUCT_BUNDLE_IDENTIFIER = com.temple.MyMeetupContacts;
				PRODUCT_NAME = "$(TARGET_NAME)";
				SWIFT_EMIT_LOC_STRINGS = YES;
				SWIFT_VERSION = 5.0;
				TARGETED_DEVICE_FAMILY = "1,2";
			};
			name = Release;
		};
/* End XCBuildConfiguration section */

/* Begin XCConfigurationList section */
		9CBA2E8D2C3E0DD200D1AF89 /* Build configuration list for PBXProject "MyMeetupContacts" */ = {
			isa = XCConfigurationList;
			buildConfigurations = (
				9CBA2E9E2C3E0DD500D1AF89 /* Debug */,
				9CBA2E9F2C3E0DD500D1AF89 /* Release */,
			);
			defaultConfigurationIsVisible = 0;
			defaultConfigurationName = Release;
		};
		9CBA2EA02C3E0DD500D1AF89 /* Build configuration list for PBXNativeTarget "MyMeetupContacts" */ = {
			isa = XCConfigurationList;
			buildConfigurations = (
				9CBA2EA12C3E0DD500D1AF89 /* Debug */,
				9CBA2EA22C3E0DD500D1AF89 /* Release */,
			);
			defaultConfigurationIsVisible = 0;
			defaultConfigurationName = Release;
		};
/* End XCConfigurationList section */
	};
	rootObject = 9CBA2E8A2C3E0DD200D1AF89 /* Project object */;
}
